
Microsoft Visual Studio Solution File, Format Version 12.00
# Visual Studio 15
VisualStudioVersion = 15.0.28010.2016
MinimumVisualStudioVersion = 10.0.40219.1
Project("{FAE04EC0-301F-11D3-BF4B-00C04F79EFBC}") = "Compiler", "Compiler\Compiler.csproj", "{73817EEC-A15F-4039-AD22-3BAD7CE71B67}"
EndProject
Global
	GlobalSection(SolutionConfigurationPlatforms) = preSolution
		Debug|Any CPU = Debug|Any CPU
		Release|Any CPU = Release|Any CPU
	EndGlobalSection
	GlobalSection(ProjectConfigurationPlatforms) = postSolution
		{73817EEC-A15F-4039-AD22-3BAD7CE71B67}.Debug|Any CPU.ActiveCfg = Debug|Any CPU
		{73817EEC-A15F-4039-AD22-3BAD7CE71B67}.Debug|Any CPU.Build.0 = Debug|Any CPU
		{73817EEC-A15F-4039-AD22-3BAD7CE71B67}.Release|Any CPU.ActiveCfg = Release|Any CPU
		{73817EEC-A15F-4039-AD22-3BAD7CE71B67}.Release|Any CPU.Build.0 = Release|Any CPU
	EndGlobalSection
	GlobalSection(SolutionProperties) = preSolution
		HideSolutionNode = FALSE
	EndGlobalSection
	GlobalSection(ExtensibilityGlobals) = postSolution
		SolutionGuid = {E5CB3CBD-4684-4F76-B2DC-1F453627D8CD}
	EndGlobalSection
EndGlobal
